github.com/SCUTEEE/computer-network v0.0.0-20241217031033-da4101a042d5 h1:FYlmPAkWMQsfQXzO4XR8wDKXxFHyRxrE/QfvrxwC3a4=
github.com/SCUTEEE/computer-network v0.0.0-20241217031033-da4101a042d5/go.mod h1:ONTr6oD02Pt9SN+lb50PZQWhSQF91Ou5n/WNqa8G3Uk=
github.com/scuteee/probability-and-statistics v0.0.0-20241226094001-8d0b9ef040ec h1:yeZmt8IXRHQTPOMr/6UTPF0lLeUWgh7CFVkOkIo1Les=
github.com/scuteee/probability-and-statistics v0.0.0-20241226094001-8d0b9ef040ec/go.mod h1:qkwWpZUpfNB6Ki44DBCMf///3rhCppPxgJaVqsd6+Cw=
